{
  "name": "x-oauth-provider",
  "version": "0.0.15",
  "lockfileVersion": 3,
  "requires": true,
  "packages": {
    "": {
      "name": "x-oauth-provider",
      "version": "0.0.15",
      "dependencies": {
        "multistub": "^0.0.8",
        "queryable-object": "^0.0.8"
      },
      "devDependencies": {
        "@cloudflare/workers-types": "^4.20250813.0"
      }
    },
    "node_modules/@cloudflare/workers-types": {
      "version": "4.20250816.0",
      "resolved": "https://registry.npmjs.org/@cloudflare/workers-types/-/workers-types-4.20250816.0.tgz",
      "integrity": "sha512-R9ADrrINo1CqTwCddH39Tjlsc3grim6KeO7l8yddNbldH3uTkaAXYCzO0WiyLG7irLzLDrZVc4tLhN6BO3tdFw==",
      "dev": true,
      "license": "MIT OR Apache-2.0"
    },
    "node_modules/multistub": {
      "version": "0.0.8",
      "resolved": "https://registry.npmjs.org/multistub/-/multistub-0.0.8.tgz",
      "integrity": "sha512-Tx9GYYNTKEnUSpzCz/p/ooyGgj/bl8ezLFvsU3AX1EjF7ptfqoI9n63na5tsgGX/ZssTy9WY8KiUaMaIu3/CiQ=="
    },
    "node_modules/queryable-object": {
      "version": "0.0.8",
      "resolved": "https://registry.npmjs.org/queryable-object/-/queryable-object-0.0.8.tgz",
      "integrity": "sha512-iJDRf4ra/UV+xO+FblF0cvQJleN2w3Z4mG7QhLVvKNJoyikAhDyfiW4CL/AXK+fNg3nLvBAgzpSjpbFujCh58g=="
    }
  }
}
